{
    "format_version": "0.1",
    "terraform_version": "0.12.4",
    "planned_values": {
        "root_module": {
            "resources": [
                {
                    "address": "aws_s3_bucket.profile_picture_storage",
                    "mode": "managed",
                    "type": "aws_s3_bucket",
                    "name": "profile_picture_storage",
                    "provider_name": "aws",
                    "schema_version": 0,
                    "values": {
                        "acl": "private",
                        "bucket_prefix": "profile-picture-storage",
                        "cors_rule": [],
                        "force_destroy": false,
                        "lifecycle_rule": [],
                        "logging": [],
                        "object_lock_configuration": [],
                        "policy": null,
                        "replication_configuration": [],
                        "server_side_encryption_configuration": [
                            {
                                "rule": [
                                    {
                                        "apply_server_side_encryption_by_default": [
                                            {
                                                "kms_master_key_id": null,
                                                "sse_algorithm": "AES256"
                                            }
                                        ]
                                    }
                                ]
                            }
                        ],
                        "tags": null,
                        "versioning": [
                            {
                                "enabled": true,
                                "mfa_delete": false
                            }
                        ],
                        "website": []
                    }
                },
                {
                    "address": "aws_s3_bucket_public_access_block.profile_picture_storage_access_rules",
                    "mode": "managed",
                    "type": "aws_s3_bucket_public_access_block",
                    "name": "profile_picture_storage_access_rules",
                    "provider_name": "aws",
                    "schema_version": 0,
                    "values": {
                        "block_public_acls": true,
                        "block_public_policy": true,
                        "ignore_public_acls": true,
                        "restrict_public_buckets": true
                    }
                }
            ]
        }
    },
    "resource_changes": [
        {
            "address": "aws_s3_bucket.profile_picture_storage",
            "mode": "managed",
            "type": "aws_s3_bucket",
            "name": "profile_picture_storage",
            "provider_name": "aws",
            "change": {
                "actions": [
                    "create"
                ],
                "before": null,
                "after": {
                    "acl": "private",
                    "bucket_prefix": "profile-picture-storage",
                    "cors_rule": [],
                    "force_destroy": false,
                    "lifecycle_rule": [],
                    "logging": [],
                    "object_lock_configuration": [],
                    "policy": null,
                    "replication_configuration": [],
                    "server_side_encryption_configuration": [
                        {
                            "rule": [
                                {
                                    "apply_server_side_encryption_by_default": [
                                        {
                                            "kms_master_key_id": null,
                                            "sse_algorithm": "AES256"
                                        }
                                    ]
                                }
                            ]
                        }
                    ],
                    "tags": null,
                    "versioning": [
                        {
                            "enabled": true,
                            "mfa_delete": false
                        }
                    ],
                    "website": []
                },
                "after_unknown": {
                    "acceleration_status": true,
                    "arn": true,
                    "bucket": true,
                    "bucket_domain_name": true,
                    "bucket_regional_domain_name": true,
                    "cors_rule": [],
                    "hosted_zone_id": true,
                    "id": true,
                    "lifecycle_rule": [],
                    "logging": [],
                    "object_lock_configuration": [],
                    "region": true,
                    "replication_configuration": [],
                    "request_payer": true,
                    "server_side_encryption_configuration": [
                        {
                            "rule": [
                                {
                                    "apply_server_side_encryption_by_default": [
                                        {}
                                    ]
                                }
                            ]
                        }
                    ],
                    "versioning": [
                        {}
                    ],
                    "website": [],
                    "website_domain": true,
                    "website_endpoint": true
                }
            }
        },
        {
            "address": "aws_s3_bucket_public_access_block.profile_picture_storage_access_rules",
            "mode": "managed",
            "type": "aws_s3_bucket_public_access_block",
            "name": "profile_picture_storage_access_rules",
            "provider_name": "aws",
            "change": {
                "actions": [
                    "create"
                ],
                "before": null,
                "after": {
                    "block_public_acls": true,
                    "block_public_policy": true,
                    "ignore_public_acls": true,
                    "restrict_public_buckets": true
                },
                "after_unknown": {
                    "bucket": true,
                    "id": true
                }
            }
        }
    ],
    "configuration": {
        "root_module": {
            "resources": [
                {
                    "address": "aws_s3_bucket.profile_picture_storage",
                    "mode": "managed",
                    "type": "aws_s3_bucket",
                    "name": "profile_picture_storage",
                    "provider_config_key": "aws",
                    "expressions": {
                        "acl": {
                            "constant_value": "private"
                        },
                        "bucket_prefix": {
                            "constant_value": "profile-picture-storage"
                        },
                        "server_side_encryption_configuration": [
                            {
                                "rule": [
                                    {
                                        "apply_server_side_encryption_by_default": [
                                            {
                                                "sse_algorithm": {
                                                    "constant_value": "AES256"
                                                }
                                            }
                                        ]
                                    }
                                ]
                            }
                        ],
                        "versioning": [
                            {
                                "enabled": {
                                    "constant_value": true
                                }
                            }
                        ]
                    },
                    "schema_version": 0
                },
                {
                    "address": "aws_s3_bucket_public_access_block.profile_picture_storage_access_rules",
                    "mode": "managed",
                    "type": "aws_s3_bucket_public_access_block",
                    "name": "profile_picture_storage_access_rules",
                    "provider_config_key": "aws",
                    "expressions": {
                        "block_public_acls": {
                            "constant_value": true
                        },
                        "block_public_policy": {
                            "constant_value": true
                        },
                        "bucket": {
                            "references": [
                                "aws_s3_bucket.profile_picture_storage"
                            ]
                        },
                        "ignore_public_acls": {
                            "constant_value": true
                        },
                        "restrict_public_buckets": {
                            "constant_value": true
                        }
                    },
                    "schema_version": 0
                }
            ]
        }
    }
}